
Microsoft Visual Studio Solution File, Format Version 12.00
# Visual Studio Version 17
VisualStudioVersion = 17.14.36414.22
MinimumVisualStudioVersion = 10.0.40219.1
Project("{2150E333-8FDC-42A3-9474-1A3956D46DE8}") = "FrontEnd", "FrontEnd", "{02EA681E-C7D8-13C7-8484-4AC65E1B71E8}"
EndProject
Project("{2150E333-8FDC-42A3-9474-1A3956D46DE8}") = "GateWay", "GateWay", "{7E33A664-D12C-4CEA-855A-67C98D858F6F}"
EndProject
Project("{2150E333-8FDC-42A3-9474-1A3956D46DE8}") = "Integration", "Integration", "{FD43035A-5A71-4022-9EAC-2D74260656CC}"
EndProject
Project("{2150E333-8FDC-42A3-9474-1A3956D46DE8}") = "Services", "Services", "{244E9B4B-8178-46B3-831E-3E7079B4BB39}"
EndProject
Project("{FAE04EC0-301F-11D3-BF4B-00C04F79EFBC}") = "Mango.Services.CouponAPI", "Mango.Services.CouponAPI\Mango.Services.CouponAPI.csproj", "{2DF6AD58-F416-4C06-A47A-82B18AEEDA18}"
EndProject
Project("{FAE04EC0-301F-11D3-BF4B-00C04F79EFBC}") = "Mango.Web", "Mango.Web\Mango.Web.csproj", "{63D98FC3-3986-49E2-8AAF-F9A45F512CF8}"
EndProject
Project("{FAE04EC0-301F-11D3-BF4B-00C04F79EFBC}") = "Mango.Service.AuthAPI", "Mango.Service.AuthAPI\Mango.Service.AuthAPI.csproj", "{F66D537D-52CA-4CD3-9BFE-88912B8B6DEE}"
EndProject
Project("{FAE04EC0-301F-11D3-BF4B-00C04F79EFBC}") = "Mango.Service.ProductAPI", "Mango.Service.ProductAPI\Mango.Service.ProductAPI.csproj", "{EB0A60AF-1E43-4DD4-9AFD-82936159ED90}"
EndProject
Project("{FAE04EC0-301F-11D3-BF4B-00C04F79EFBC}") = "Mango.Services.ShoppingCartAPI", "Mango.Services.ShoppingCartAPI\Mango.Services.ShoppingCartAPI.csproj", "{CDCE0ACE-BD13-41F1-9AC9-25C874754543}"
EndProject
Global
	GlobalSection(SolutionConfigurationPlatforms) = preSolution
		Debug|Any CPU = Debug|Any CPU
		Release|Any CPU = Release|Any CPU
	EndGlobalSection
	GlobalSection(ProjectConfigurationPlatforms) = postSolution
		{2DF6AD58-F416-4C06-A47A-82B18AEEDA18}.Debug|Any CPU.ActiveCfg = Debug|Any CPU
		{2DF6AD58-F416-4C06-A47A-82B18AEEDA18}.Debug|Any CPU.Build.0 = Debug|Any CPU
		{2DF6AD58-F416-4C06-A47A-82B18AEEDA18}.Release|Any CPU.ActiveCfg = Release|Any CPU
		{2DF6AD58-F416-4C06-A47A-82B18AEEDA18}.Release|Any CPU.Build.0 = Release|Any CPU
		{63D98FC3-3986-49E2-8AAF-F9A45F512CF8}.Debug|Any CPU.ActiveCfg = Debug|Any CPU
		{63D98FC3-3986-49E2-8AAF-F9A45F512CF8}.Debug|Any CPU.Build.0 = Debug|Any CPU
		{63D98FC3-3986-49E2-8AAF-F9A45F512CF8}.Release|Any CPU.ActiveCfg = Release|Any CPU
		{63D98FC3-3986-49E2-8AAF-F9A45F512CF8}.Release|Any CPU.Build.0 = Release|Any CPU
		{F66D537D-52CA-4CD3-9BFE-88912B8B6DEE}.Debug|Any CPU.ActiveCfg = Debug|Any CPU
		{F66D537D-52CA-4CD3-9BFE-88912B8B6DEE}.Debug|Any CPU.Build.0 = Debug|Any CPU
		{F66D537D-52CA-4CD3-9BFE-88912B8B6DEE}.Release|Any CPU.ActiveCfg = Release|Any CPU
		{F66D537D-52CA-4CD3-9BFE-88912B8B6DEE}.Release|Any CPU.Build.0 = Release|Any CPU
		{EB0A60AF-1E43-4DD4-9AFD-82936159ED90}.Debug|Any CPU.ActiveCfg = Debug|Any CPU
		{EB0A60AF-1E43-4DD4-9AFD-82936159ED90}.Debug|Any CPU.Build.0 = Debug|Any CPU
		{EB0A60AF-1E43-4DD4-9AFD-82936159ED90}.Release|Any CPU.ActiveCfg = Release|Any CPU
		{EB0A60AF-1E43-4DD4-9AFD-82936159ED90}.Release|Any CPU.Build.0 = Release|Any CPU
		{CDCE0ACE-BD13-41F1-9AC9-25C874754543}.Debug|Any CPU.ActiveCfg = Debug|Any CPU
		{CDCE0ACE-BD13-41F1-9AC9-25C874754543}.Debug|Any CPU.Build.0 = Debug|Any CPU
		{CDCE0ACE-BD13-41F1-9AC9-25C874754543}.Release|Any CPU.ActiveCfg = Release|Any CPU
		{CDCE0ACE-BD13-41F1-9AC9-25C874754543}.Release|Any CPU.Build.0 = Release|Any CPU
	EndGlobalSection
	GlobalSection(SolutionProperties) = preSolution
		HideSolutionNode = FALSE
	EndGlobalSection
	GlobalSection(NestedProjects) = preSolution
		{2DF6AD58-F416-4C06-A47A-82B18AEEDA18} = {244E9B4B-8178-46B3-831E-3E7079B4BB39}
		{63D98FC3-3986-49E2-8AAF-F9A45F512CF8} = {02EA681E-C7D8-13C7-8484-4AC65E1B71E8}
		{F66D537D-52CA-4CD3-9BFE-88912B8B6DEE} = {244E9B4B-8178-46B3-831E-3E7079B4BB39}
		{EB0A60AF-1E43-4DD4-9AFD-82936159ED90} = {244E9B4B-8178-46B3-831E-3E7079B4BB39}
		{CDCE0ACE-BD13-41F1-9AC9-25C874754543} = {244E9B4B-8178-46B3-831E-3E7079B4BB39}
	EndGlobalSection
	GlobalSection(ExtensibilityGlobals) = postSolution
		SolutionGuid = {28378CFB-CF1E-4A2A-BEC9-CFC5D1A6453C}
	EndGlobalSection
EndGlobal
