
Microsoft Visual Studio Solution File, Format Version 12.00
# Visual Studio Version 17
VisualStudioVersion = 17.14.36414.22
MinimumVisualStudioVersion = 10.0.40219.1
Project("{2150E333-8FDC-42A3-9474-1A3956D46DE8}") = "FrontEnd", "FrontEnd", "{02EA681E-C7D8-13C7-8484-4AC65E1B71E8}"
EndProject
Project("{2150E333-8FDC-42A3-9474-1A3956D46DE8}") = "GateWay", "GateWay", "{7E33A664-D12C-4CEA-855A-67C98D858F6F}"
EndProject
Project("{2150E333-8FDC-42A3-9474-1A3956D46DE8}") = "Integration", "Integration", "{FD43035A-5A71-4022-9EAC-2D74260656CC}"
EndProject
Project("{2150E333-8FDC-42A3-9474-1A3956D46DE8}") = "Services", "Services", "{244E9B4B-8178-46B3-831E-3E7079B4BB39}"
EndProject
Project("{FAE04EC0-301F-11D3-BF4B-00C04F79EFBC}") = "Mango.Services.CouponAPI", "Mango.Services.CouponAPI\Mango.Services.CouponAPI.csproj", "{2DF6AD58-F416-4C06-A47A-82B18AEEDA18}"
EndProject
Global
	GlobalSection(SolutionConfigurationPlatforms) = preSolution
		Debug|Any CPU = Debug|Any CPU
		Release|Any CPU = Release|Any CPU
	EndGlobalSection
	GlobalSection(ProjectConfigurationPlatforms) = postSolution
		{2DF6AD58-F416-4C06-A47A-82B18AEEDA18}.Debug|Any CPU.ActiveCfg = Debug|Any CPU
		{2DF6AD58-F416-4C06-A47A-82B18AEEDA18}.Debug|Any CPU.Build.0 = Debug|Any CPU
		{2DF6AD58-F416-4C06-A47A-82B18AEEDA18}.Release|Any CPU.ActiveCfg = Release|Any CPU
		{2DF6AD58-F416-4C06-A47A-82B18AEEDA18}.Release|Any CPU.Build.0 = Release|Any CPU
	EndGlobalSection
	GlobalSection(SolutionProperties) = preSolution
		HideSolutionNode = FALSE
	EndGlobalSection
	GlobalSection(NestedProjects) = preSolution
		{2DF6AD58-F416-4C06-A47A-82B18AEEDA18} = {244E9B4B-8178-46B3-831E-3E7079B4BB39}
	EndGlobalSection
	GlobalSection(ExtensibilityGlobals) = postSolution
		SolutionGuid = {28378CFB-CF1E-4A2A-BEC9-CFC5D1A6453C}
	EndGlobalSection
EndGlobal
